
Microsoft Visual Studio Solution File, Format Version 12.00
Project("{2150E333-8FDC-42A3-9474-1A3956D46DE8}") = "Meta", "Meta", "{F0707B5E-7B54-4D36-993B-17293615DEF7}"
ProjectSection(SolutionItems) = preProject
	global.json = global.json
	NuGet.config = NuGet.config
	.config\dotnet-tools.json = .config\dotnet-tools.json
	.github\workflows\continuous-integration.yml = .github\workflows\continuous-integration.yml
	src\packages.lock.json = src\packages.lock.json
	.github\dependabot.yml = .github\dependabot.yml
	MAINTENANCE.md = MAINTENANCE.md
EndProjectSection
EndProject
Project("{FAE04EC0-301F-11D3-BF4B-00C04F79EFBC}") = "Serilog.Formatting.Log4Net", "src\Serilog.Formatting.Log4Net.csproj", "{66DF8036-B2E9-4FD1-9204-012EE3F9A2E4}"
EndProject
Project("{FAE04EC0-301F-11D3-BF4B-00C04F79EFBC}") = "Serilog.Formatting.Log4Net.Tests", "tests\Serilog.Formatting.Log4Net.Tests.csproj", "{E94ABEEA-1E45-42DE-9752-896974FC4389}"
EndProject
Global
	GlobalSection(SolutionConfigurationPlatforms) = preSolution
		Debug|Any CPU = Debug|Any CPU
		Release|Any CPU = Release|Any CPU
	EndGlobalSection
	GlobalSection(ProjectConfigurationPlatforms) = postSolution
		{66DF8036-B2E9-4FD1-9204-012EE3F9A2E4}.Debug|Any CPU.ActiveCfg = Debug|Any CPU
		{66DF8036-B2E9-4FD1-9204-012EE3F9A2E4}.Debug|Any CPU.Build.0 = Debug|Any CPU
		{66DF8036-B2E9-4FD1-9204-012EE3F9A2E4}.Release|Any CPU.ActiveCfg = Release|Any CPU
		{66DF8036-B2E9-4FD1-9204-012EE3F9A2E4}.Release|Any CPU.Build.0 = Release|Any CPU
		{E94ABEEA-1E45-42DE-9752-896974FC4389}.Debug|Any CPU.ActiveCfg = Debug|Any CPU
		{E94ABEEA-1E45-42DE-9752-896974FC4389}.Debug|Any CPU.Build.0 = Debug|Any CPU
		{E94ABEEA-1E45-42DE-9752-896974FC4389}.Release|Any CPU.ActiveCfg = Release|Any CPU
		{E94ABEEA-1E45-42DE-9752-896974FC4389}.Release|Any CPU.Build.0 = Release|Any CPU
	EndGlobalSection
EndGlobal
